
Microsoft Visual Studio Solution File, Format Version 12.00
# Visual Studio Version 17
VisualStudioVersion = 17.11.35327.3
MinimumVisualStudioVersion = 10.0.40219.1
Project("{FAE04EC0-301F-11D3-BF4B-00C04F79EFBC}") = "Bookstore.Core", "Bookstore.Core\Bookstore.Core.csproj", "{B4FA140D-D210-466C-8448-6DDB39341F91}"
EndProject
Project("{FAE04EC0-301F-11D3-BF4B-00C04F79EFBC}") = "API", "Bookstore.Infrastructure\API\API.csproj", "{DD98EB73-906B-4AA2-ABCF-E15D805045D2}"
EndProject
Global
	GlobalSection(SolutionConfigurationPlatforms) = preSolution
		Debug|Any CPU = Debug|Any CPU
		Release|Any CPU = Release|Any CPU
	EndGlobalSection
	GlobalSection(ProjectConfigurationPlatforms) = postSolution
		{B4FA140D-D210-466C-8448-6DDB39341F91}.Debug|Any CPU.ActiveCfg = Debug|Any CPU
		{B4FA140D-D210-466C-8448-6DDB39341F91}.Debug|Any CPU.Build.0 = Debug|Any CPU
		{B4FA140D-D210-466C-8448-6DDB39341F91}.Release|Any CPU.ActiveCfg = Release|Any CPU
		{B4FA140D-D210-466C-8448-6DDB39341F91}.Release|Any CPU.Build.0 = Release|Any CPU
		{DD98EB73-906B-4AA2-ABCF-E15D805045D2}.Debug|Any CPU.ActiveCfg = Debug|Any CPU
		{DD98EB73-906B-4AA2-ABCF-E15D805045D2}.Debug|Any CPU.Build.0 = Debug|Any CPU
		{DD98EB73-906B-4AA2-ABCF-E15D805045D2}.Release|Any CPU.ActiveCfg = Release|Any CPU
		{DD98EB73-906B-4AA2-ABCF-E15D805045D2}.Release|Any CPU.Build.0 = Release|Any CPU
	EndGlobalSection
	GlobalSection(SolutionProperties) = preSolution
		HideSolutionNode = FALSE
	EndGlobalSection
	GlobalSection(ExtensibilityGlobals) = postSolution
		SolutionGuid = {217C340E-9A61-4FF4-8FF7-021AA3450F86}
	EndGlobalSection
EndGlobal
